
Microsoft Visual Studio Solution File, Format Version 12.00
# Visual Studio Version 17
VisualStudioVersion = 17.11.35312.102
MinimumVisualStudioVersion = 10.0.40219.1
Project("{FAE04EC0-301F-11D3-BF4B-00C04F79EFBC}") = "EGM_VS", "EGM_VS\EGM_VS.csproj", "{2B908E30-C2E5-4489-AA61-09DB66D2080F}"
EndProject
Global
	GlobalSection(SolutionConfigurationPlatforms) = preSolution
		Debug|Any CPU = Debug|Any CPU
		Release|Any CPU = Release|Any CPU
	EndGlobalSection
	GlobalSection(ProjectConfigurationPlatforms) = postSolution
		{2B908E30-C2E5-4489-AA61-09DB66D2080F}.Debug|Any CPU.ActiveCfg = Debug|Any CPU
		{2B908E30-C2E5-4489-AA61-09DB66D2080F}.Debug|Any CPU.Build.0 = Debug|Any CPU
		{2B908E30-C2E5-4489-AA61-09DB66D2080F}.Release|Any CPU.ActiveCfg = Release|Any CPU
		{2B908E30-C2E5-4489-AA61-09DB66D2080F}.Release|Any CPU.Build.0 = Release|Any CPU
	EndGlobalSection
	GlobalSection(SolutionProperties) = preSolution
		HideSolutionNode = FALSE
	EndGlobalSection
	GlobalSection(ExtensibilityGlobals) = postSolution
		SolutionGuid = {87D5CBEF-C1D7-47FE-8D0E-77AE3E461D95}
	EndGlobalSection
EndGlobal
